
Microsoft Visual Studio Solution File, Format Version 12.00
# Visual Studio 15
VisualStudioVersion = 15.0.27130.2010
MinimumVisualStudioVersion = 10.0.40219.1
Project("{9A19103F-16F7-4668-BE54-9A1E7A4F7556}") = "BlackYellow.MVC", "BlackYellow.MVC\BlackYellow.MVC.csproj", "{8748C4F7-1A98-45F5-A822-71AB662DA0C5}"
EndProject
Project("{9A19103F-16F7-4668-BE54-9A1E7A4F7556}") = "BlackYellow.Tests", "BlackYellow.Tests\BlackYellow.Tests.csproj", "{FF01ABCE-AC87-4BF0-86F3-C57CA6FB3D5D}"
EndProject
Project("{9A19103F-16F7-4668-BE54-9A1E7A4F7556}") = "BlackYellow.Domain", "BlackYellow.Domain\BlackYellow.Domain.csproj", "{8DEE5558-24D7-42B0-AFFD-4B9B1DBF5305}"
EndProject
Project("{9A19103F-16F7-4668-BE54-9A1E7A4F7556}") = "BlackYellow.Infrastructure", "BlackYellow.Infrastructure\BlackYellow.Infrastructure.csproj", "{12762096-F084-48DB-9672-948DFFB75F61}"
EndProject
Project("{9A19103F-16F7-4668-BE54-9A1E7A4F7556}") = "BlackYellow.Infra.CrossCuting.Security", "BlackYellow.Infra.CrossCuting.Security\BlackYellow.Infra.CrossCuting.Security.csproj", "{7656A509-0D20-42AE-B2E6-4E3EA05EEFE2}"
EndProject
Project("{FAE04EC0-301F-11D3-BF4B-00C04F79EFBC}") = "BlackYellow.Service", "BlackYellow.Service\BlackYellow.Service.csproj", "{28674AA6-800D-4575-9DA2-45F8631F3F57}"
EndProject
Global
	GlobalSection(SolutionConfigurationPlatforms) = preSolution
		Debug|Any CPU = Debug|Any CPU
		Release|Any CPU = Release|Any CPU
	EndGlobalSection
	GlobalSection(ProjectConfigurationPlatforms) = postSolution
		{8748C4F7-1A98-45F5-A822-71AB662DA0C5}.Debug|Any CPU.ActiveCfg = Debug|Any CPU
		{8748C4F7-1A98-45F5-A822-71AB662DA0C5}.Debug|Any CPU.Build.0 = Debug|Any CPU
		{8748C4F7-1A98-45F5-A822-71AB662DA0C5}.Release|Any CPU.ActiveCfg = Release|Any CPU
		{8748C4F7-1A98-45F5-A822-71AB662DA0C5}.Release|Any CPU.Build.0 = Release|Any CPU
		{FF01ABCE-AC87-4BF0-86F3-C57CA6FB3D5D}.Debug|Any CPU.ActiveCfg = Debug|Any CPU
		{FF01ABCE-AC87-4BF0-86F3-C57CA6FB3D5D}.Debug|Any CPU.Build.0 = Debug|Any CPU
		{FF01ABCE-AC87-4BF0-86F3-C57CA6FB3D5D}.Release|Any CPU.ActiveCfg = Release|Any CPU
		{FF01ABCE-AC87-4BF0-86F3-C57CA6FB3D5D}.Release|Any CPU.Build.0 = Release|Any CPU
		{8DEE5558-24D7-42B0-AFFD-4B9B1DBF5305}.Debug|Any CPU.ActiveCfg = Debug|Any CPU
		{8DEE5558-24D7-42B0-AFFD-4B9B1DBF5305}.Debug|Any CPU.Build.0 = Debug|Any CPU
		{8DEE5558-24D7-42B0-AFFD-4B9B1DBF5305}.Release|Any CPU.ActiveCfg = Release|Any CPU
		{8DEE5558-24D7-42B0-AFFD-4B9B1DBF5305}.Release|Any CPU.Build.0 = Release|Any CPU
		{12762096-F084-48DB-9672-948DFFB75F61}.Debug|Any CPU.ActiveCfg = Debug|Any CPU
		{12762096-F084-48DB-9672-948DFFB75F61}.Debug|Any CPU.Build.0 = Debug|Any CPU
		{12762096-F084-48DB-9672-948DFFB75F61}.Release|Any CPU.ActiveCfg = Release|Any CPU
		{12762096-F084-48DB-9672-948DFFB75F61}.Release|Any CPU.Build.0 = Release|Any CPU
		{7656A509-0D20-42AE-B2E6-4E3EA05EEFE2}.Debug|Any CPU.ActiveCfg = Debug|Any CPU
		{7656A509-0D20-42AE-B2E6-4E3EA05EEFE2}.Debug|Any CPU.Build.0 = Debug|Any CPU
		{7656A509-0D20-42AE-B2E6-4E3EA05EEFE2}.Release|Any CPU.ActiveCfg = Release|Any CPU
		{7656A509-0D20-42AE-B2E6-4E3EA05EEFE2}.Release|Any CPU.Build.0 = Release|Any CPU
		{28674AA6-800D-4575-9DA2-45F8631F3F57}.Debug|Any CPU.ActiveCfg = Debug|Any CPU
		{28674AA6-800D-4575-9DA2-45F8631F3F57}.Debug|Any CPU.Build.0 = Debug|Any CPU
		{28674AA6-800D-4575-9DA2-45F8631F3F57}.Release|Any CPU.ActiveCfg = Release|Any CPU
		{28674AA6-800D-4575-9DA2-45F8631F3F57}.Release|Any CPU.Build.0 = Release|Any CPU
	EndGlobalSection
	GlobalSection(SolutionProperties) = preSolution
		HideSolutionNode = FALSE
	EndGlobalSection
	GlobalSection(ExtensibilityGlobals) = postSolution
		SolutionGuid = {13DFF897-B61D-4B99-A2A0-AF798119F64E}
	EndGlobalSection
EndGlobal
